PODS:
  - Alamofire (5.1.0)
  - JXSegmentedView (1.0.6)
  - Kingfisher (5.13.4):
    - Kingfisher/Core (= 5.13.4)
  - Kingfisher/Core (5.13.4)
  - Moya (14.0.0):
    - Moya/Core (= 14.0.0)
  - Moya/Core (14.0.0):
    - Alamofire (~> 5.0)
  - SnapKit (5.0.1)
  - SwiftSoup (2.3.1)
  - ZFPlayer (3.3.1):
    - ZFPlayer/Core (= 3.3.1)
  - ZFPlayer/AVPlayer (3.3.1):
    - ZFPlayer/Core
  - ZFPlayer/ControlView (3.3.1):
    - ZFPlayer/Core
  - ZFPlayer/Core (3.3.1)

DEPENDENCIES:
  - JXSegmentedView (~> 1.0.6)
  - Kingfisher (~> 5.0)
  - Moya (~> 14.0)
  - SnapKit (~> 5.0.0)
  - SwiftSoup
  - ZFPlayer (~> 3.0)
  - ZFPlayer/AVPlayer (~> 3.0)
  - ZFPlayer/ControlView (~> 3.0)

SPEC REPOS:
  trunk:
    - Alamofire
    - JXSegmentedView
    - Kingfisher
    - Moya
    - SnapKit
    - SwiftSoup
    - ZFPlayer

SPEC CHECKSUMS:
  Alamofire: 9d5c5f602928e512395b30950c5984eca840093c
  JXSegmentedView: ceb6fb3a12716408bcd5c4210b93d947d079de25
  Kingfisher: d2279a7abece3c7f25a80cd2b7f363ca5cf3f44c
  Moya: 5b45dacb75adb009f97fde91c204c1e565d31916
  SnapKit: 97b92857e3df3a0c71833cce143274bf6ef8e5eb
  SwiftSoup: e5af192bc99be8398d5f93e15ff6a3c80ba81de1
  ZFPlayer: 8a6021a3c45e281f2abd24dca5c88915af770a7e

PODFILE CHECKSUM: 3b51f8c0b329536367ff6e1b1946634c22ca17fe

COCOAPODS: 1.8.3
