// !$*UTF8*$!
{
	archiveVersion = 1;
	classes = {
	};
	objectVersion = 51;
	objects = {

/* Begin PBXBuildFile section */
		38143E222450870A00FAA4FA /* HomeTabBar.swift in Sources */ = {isa = PBXBuildFile; fileRef = 38143E212450870A00FAA4FA /* HomeTabBar.swift */; };
		38143E2624508C6E00FAA4FA /* HomePageViewController+TabBar.swift in Sources */ = {isa = PBXBuildFile; fileRef = 38143E2524508C6E00FAA4FA /* HomePageViewController+TabBar.swift */; };
		385F307F245333020024377B /* BrowserTabBar.swift in Sources */ = {isa = PBXBuildFile; fileRef = 385F307E245333020024377B /* BrowserTabBar.swift */; };
		385F3082245337350024377B /* UIView+Ex.swift in Sources */ = {isa = PBXBuildFile; fileRef = 385F3081245337350024377B /* UIView+Ex.swift */; };
		385F308424533A530024377B /* BrowserViewController.swift in Sources */ = {isa = PBXBuildFile; fileRef = 385F308324533A530024377B /* BrowserViewController.swift */; };
		385F308624533A7B0024377B /* BrowserViewController+TabBar.swift in Sources */ = {isa = PBXBuildFile; fileRef = 385F308524533A7B0024377B /* BrowserViewController+TabBar.swift */; };
		385F308824533C7E0024377B /* BrowserViewController+WebView.swift in Sources */ = {isa = PBXBuildFile; fileRef = 385F308724533C7E0024377B /* BrowserViewController+WebView.swift */; };
		6D3594B9244D8E7400D767D1 /* AppDelegate.swift in Sources */ = {isa = PBXBuildFile; fileRef = 6D3594B8244D8E7400D767D1 /* AppDelegate.swift */; };
		6D3594C2244D8E7600D767D1 /* Assets.xcassets in Resources */ = {isa = PBXBuildFile; fileRef = 6D3594C1244D8E7600D767D1 /* Assets.xcassets */; };
		6D3594D0244D907900D767D1 /* HomePageViewController.swift in Sources */ = {isa = PBXBuildFile; fileRef = 6D3594CF244D907900D767D1 /* HomePageViewController.swift */; };
		6D3594D1244D912D00D767D1 /* LaunchScreen.storyboard in Resources */ = {isa = PBXBuildFile; fileRef = 6D3594C3244D8E7600D767D1 /* LaunchScreen.storyboard */; };
		6D3594D8244EE1CE00D767D1 /* PrivateApiHelper.m in Sources */ = {isa = PBXBuildFile; fileRef = 6D3594D7244EE1CE00D767D1 /* PrivateApiHelper.m */; };
		6DCBC1002451341200DFB229 /* WKSniffer.swift in Sources */ = {isa = PBXBuildFile; fileRef = 6DCBC0FF2451341200DFB229 /* WKSniffer.swift */; };
		6DCBC10224516D1800DFB229 /* HomePageViewController+Segment.swift in Sources */ = {isa = PBXBuildFile; fileRef = 6DCBC10124516D1800DFB229 /* HomePageViewController+Segment.swift */; };
		6DCBC10624528B9300DFB229 /* FYRules.swift in Sources */ = {isa = PBXBuildFile; fileRef = 6DCBC10524528B9300DFB229 /* FYRules.swift */; };
		6DCBC10824529B8100DFB229 /* MovieInfo.swift in Sources */ = {isa = PBXBuildFile; fileRef = 6DCBC10724529B8100DFB229 /* MovieInfo.swift */; };
		6DCBC10B2452B2C200DFB229 /* Parser.swift in Sources */ = {isa = PBXBuildFile; fileRef = 6DCBC10A2452B2C200DFB229 /* Parser.swift */; };
		6DE739B02452EB0800825391 /* MovieListViewController.swift in Sources */ = {isa = PBXBuildFile; fileRef = 6DE739AF2452EB0800825391 /* MovieListViewController.swift */; };
		6DE739B22452EE1A00825391 /* MovieInfoCell.swift in Sources */ = {isa = PBXBuildFile; fileRef = 6DE739B12452EE1A00825391 /* MovieInfoCell.swift */; };
		F995F814B8AF870FE5A6E65A /* Pods_Video_Browser.framework in Frameworks */ = {isa = PBXBuildFile; fileRef = A89BF481E3CA75A31853A4B6 /* Pods_Video_Browser.framework */; };
/* End PBXBuildFile section */

/* Begin PBXFileReference section */
		2D34A992AF022D43E8C6E757 /* Pods-Video Browser.release.xcconfig */ = {isa = PBXFileReference; includeInIndex = 1; lastKnownFileType = text.xcconfig; name = "Pods-Video Browser.release.xcconfig"; path = "Target Support Files/Pods-Video Browser/Pods-Video Browser.release.xcconfig"; sourceTree = "<group>"; };
		38143E212450870A00FAA4FA /* HomeTabBar.swift */ = {isa = PBXFileReference; lastKnownFileType = sourcecode.swift; path = HomeTabBar.swift; sourceTree = "<group>"; };
		38143E2524508C6E00FAA4FA /* HomePageViewController+TabBar.swift */ = {isa = PBXFileReference; lastKnownFileType = sourcecode.swift; path = "HomePageViewController+TabBar.swift"; sourceTree = "<group>"; };
		385F307E245333020024377B /* BrowserTabBar.swift */ = {isa = PBXFileReference; lastKnownFileType = sourcecode.swift; path = BrowserTabBar.swift; sourceTree = "<group>"; };
		385F3081245337350024377B /* UIView+Ex.swift */ = {isa = PBXFileReference; lastKnownFileType = sourcecode.swift; path = "UIView+Ex.swift"; sourceTree = "<group>"; };
		385F308324533A530024377B /* BrowserViewController.swift */ = {isa = PBXFileReference; lastKnownFileType = sourcecode.swift; path = BrowserViewController.swift; sourceTree = "<group>"; };
		385F308524533A7B0024377B /* BrowserViewController+TabBar.swift */ = {isa = PBXFileReference; lastKnownFileType = sourcecode.swift; path = "BrowserViewController+TabBar.swift"; sourceTree = "<group>"; };
		385F308724533C7E0024377B /* BrowserViewController+WebView.swift */ = {isa = PBXFileReference; lastKnownFileType = sourcecode.swift; path = "BrowserViewController+WebView.swift"; sourceTree = "<group>"; };
		6D3594B5244D8E7400D767D1 /* 太浪影视.app */ = {isa = PBXFileReference; explicitFileType = wrapper.application; includeInIndex = 0; path = "太浪影视.app"; sourceTree = BUILT_PRODUCTS_DIR; };
		6D3594B8244D8E7400D767D1 /* AppDelegate.swift */ = {isa = PBXFileReference; lastKnownFileType = sourcecode.swift; path = AppDelegate.swift; sourceTree = "<group>"; };
		6D3594C1244D8E7600D767D1 /* Assets.xcassets */ = {isa = PBXFileReference; lastKnownFileType = folder.assetcatalog; path = Assets.xcassets; sourceTree = "<group>"; };
		6D3594C4244D8E7600D767D1 /* Base */ = {isa = PBXFileReference; lastKnownFileType = file.storyboard; name = Base; path = Base.lproj/LaunchScreen.storyboard; sourceTree = "<group>"; };
		6D3594C6244D8E7600D767D1 /* Info.plist */ = {isa = PBXFileReference; lastKnownFileType = text.plist.xml; path = Info.plist; sourceTree = "<group>"; };
		6D3594CF244D907900D767D1 /* HomePageViewController.swift */ = {isa = PBXFileReference; lastKnownFileType = sourcecode.swift; path = HomePageViewController.swift; sourceTree = "<group>"; };
		6D3594D5244EE1CE00D767D1 /* Video Browser-Bridging-Header.h */ = {isa = PBXFileReference; lastKnownFileType = sourcecode.c.h; path = "Video Browser-Bridging-Header.h"; sourceTree = "<group>"; };
		6D3594D6244EE1CE00D767D1 /* PrivateApiHelper.h */ = {isa = PBXFileReference; lastKnownFileType = sourcecode.c.h; path = PrivateApiHelper.h; sourceTree = "<group>"; };
		6D3594D7244EE1CE00D767D1 /* PrivateApiHelper.m */ = {isa = PBXFileReference; lastKnownFileType = sourcecode.c.objc; path = PrivateApiHelper.m; sourceTree = "<group>"; };
		6DCBC0FF2451341200DFB229 /* WKSniffer.swift */ = {isa = PBXFileReference; lastKnownFileType = sourcecode.swift; path = WKSniffer.swift; sourceTree = "<group>"; };
		6DCBC10124516D1800DFB229 /* HomePageViewController+Segment.swift */ = {isa = PBXFileReference; lastKnownFileType = sourcecode.swift; path = "HomePageViewController+Segment.swift"; sourceTree = "<group>"; };
		6DCBC10524528B9300DFB229 /* FYRules.swift */ = {isa = PBXFileReference; lastKnownFileType = sourcecode.swift; path = FYRules.swift; sourceTree = "<group>"; };
		6DCBC10724529B8100DFB229 /* MovieInfo.swift */ = {isa = PBXFileReference; lastKnownFileType = sourcecode.swift; path = MovieInfo.swift; sourceTree = "<group>"; };
		6DCBC10A2452B2C200DFB229 /* Parser.swift */ = {isa = PBXFileReference; lastKnownFileType = sourcecode.swift; path = Parser.swift; sourceTree = "<group>"; };
		6DE739AF2452EB0800825391 /* MovieListViewController.swift */ = {isa = PBXFileReference; lastKnownFileType = sourcecode.swift; path = MovieListViewController.swift; sourceTree = "<group>"; };
		6DE739B12452EE1A00825391 /* MovieInfoCell.swift */ = {isa = PBXFileReference; lastKnownFileType = sourcecode.swift; path = MovieInfoCell.swift; sourceTree = "<group>"; };
		A89BF481E3CA75A31853A4B6 /* Pods_Video_Browser.framework */ = {isa = PBXFileReference; explicitFileType = wrapper.framework; includeInIndex = 0; path = Pods_Video_Browser.framework; sourceTree = BUILT_PRODUCTS_DIR; };
		EA6AF4D446CBFECC92E695BC /* Pods-Video Browser.debug.xcconfig */ = {isa = PBXFileReference; includeInIndex = 1; lastKnownFileType = text.xcconfig; name = "Pods-Video Browser.debug.xcconfig"; path = "Target Support Files/Pods-Video Browser/Pods-Video Browser.debug.xcconfig"; sourceTree = "<group>"; };
/* End PBXFileReference section */

/* Begin PBXFrameworksBuildPhase section */
		6D3594B2244D8E7400D767D1 /* Frameworks */ = {
			isa = PBXFrameworksBuildPhase;
			buildActionMask = 2147483647;
			files = (
				F995F814B8AF870FE5A6E65A /* Pods_Video_Browser.framework in Frameworks */,
			);
			runOnlyForDeploymentPostprocessing = 0;
		};
/* End PBXFrameworksBuildPhase section */

/* Begin PBXGroup section */
		25C6E588E17E852116A98A21 /* Frameworks */ = {
			isa = PBXGroup;
			children = (
				A89BF481E3CA75A31853A4B6 /* Pods_Video_Browser.framework */,
			);
			name = Frameworks;
			sourceTree = "<group>";
		};
		385F307C24532A100024377B /* Controller */ = {
			isa = PBXGroup;
			children = (
				385F308324533A530024377B /* BrowserViewController.swift */,
				385F308524533A7B0024377B /* BrowserViewController+TabBar.swift */,
				385F308724533C7E0024377B /* BrowserViewController+WebView.swift */,
			);
			path = Controller;
			sourceTree = "<group>";
		};
		385F307D24532A170024377B /* View */ = {
			isa = PBXGroup;
			children = (
				385F307E245333020024377B /* BrowserTabBar.swift */,
			);
			path = View;
			sourceTree = "<group>";
		};
		385F30802453371A0024377B /* Common */ = {
			isa = PBXGroup;
			children = (
				385F3081245337350024377B /* UIView+Ex.swift */,
			);
			path = Common;
			sourceTree = "<group>";
		};
		6D3594AC244D8E7400D767D1 = {
			isa = PBXGroup;
			children = (
				6D3594B7244D8E7400D767D1 /* Video Browser */,
				6D3594B6244D8E7400D767D1 /* Products */,
				802F59BA1551B06EB802A753 /* Pods */,
				25C6E588E17E852116A98A21 /* Frameworks */,
			);
			sourceTree = "<group>";
		};
		6D3594B6244D8E7400D767D1 /* Products */ = {
			isa = PBXGroup;
			children = (
				6D3594B5244D8E7400D767D1 /* 太浪影视.app */,
			);
			name = Products;
			sourceTree = "<group>";
		};
		6D3594B7244D8E7400D767D1 /* Video Browser */ = {
			isa = PBXGroup;
			children = (
				385F30802453371A0024377B /* Common */,
				6D3594D9244EE41A00D767D1 /* Home */,
				6D3594CC244D904300D767D1 /* Browser */,
				6D3594D4244EE15500D767D1 /* Utils */,
				6D3594D3244D9FAB00D767D1 /* History */,
				6D3594CD244D904A00D767D1 /* Bookmarks */,
				6D3594CE244D905700D767D1 /* Resource */,
				6D3594B8244D8E7400D767D1 /* AppDelegate.swift */,
			);
			path = "Video Browser";
			sourceTree = "<group>";
		};
		6D3594CC244D904300D767D1 /* Browser */ = {
			isa = PBXGroup;
			children = (
				385F307D24532A170024377B /* View */,
				385F307C24532A100024377B /* Controller */,
			);
			path = Browser;
			sourceTree = "<group>";
		};
		6D3594CD244D904A00D767D1 /* Bookmarks */ = {
			isa = PBXGroup;
			children = (
			);
			path = Bookmarks;
			sourceTree = "<group>";
		};
		6D3594CE244D905700D767D1 /* Resource */ = {
			isa = PBXGroup;
			children = (
				6D3594D2244D916B00D767D1 /* Scripts */,
				6D3594C1244D8E7600D767D1 /* Assets.xcassets */,
				6D3594C3244D8E7600D767D1 /* LaunchScreen.storyboard */,
				6D3594C6244D8E7600D767D1 /* Info.plist */,
			);
			path = Resource;
			sourceTree = "<group>";
		};
		6D3594D2244D916B00D767D1 /* Scripts */ = {
			isa = PBXGroup;
			children = (
			);
			path = Scripts;
			sourceTree = "<group>";
		};
		6D3594D3244D9FAB00D767D1 /* History */ = {
			isa = PBXGroup;
			children = (
			);
			path = History;
			sourceTree = "<group>";
		};
		6D3594D4244EE15500D767D1 /* Utils */ = {
			isa = PBXGroup;
			children = (
				6D3594D6244EE1CE00D767D1 /* PrivateApiHelper.h */,
				6D3594D7244EE1CE00D767D1 /* PrivateApiHelper.m */,
				6D3594D5244EE1CE00D767D1 /* Video Browser-Bridging-Header.h */,
				6DCBC0FF2451341200DFB229 /* WKSniffer.swift */,
			);
			path = Utils;
			sourceTree = "<group>";
		};
		6D3594D9244EE41A00D767D1 /* Home */ = {
			isa = PBXGroup;
			children = (
				6DCBC1092452B29A00DFB229 /* Utils */,
				6D3594E024501B5000D767D1 /* Controller */,
				6D3594DF24501B4A00D767D1 /* Model */,
				6D3594DE24501B3F00D767D1 /* View */,
			);
			path = Home;
			sourceTree = "<group>";
		};
		6D3594DE24501B3F00D767D1 /* View */ = {
			isa = PBXGroup;
			children = (
				38143E212450870A00FAA4FA /* HomeTabBar.swift */,
				6DE739B12452EE1A00825391 /* MovieInfoCell.swift */,
			);
			path = View;
			sourceTree = "<group>";
		};
		6D3594DF24501B4A00D767D1 /* Model */ = {
			isa = PBXGroup;
			children = (
				6DCBC10724529B8100DFB229 /* MovieInfo.swift */,
				6DCBC10524528B9300DFB229 /* FYRules.swift */,
			);
			path = Model;
			sourceTree = "<group>";
		};
		6D3594E024501B5000D767D1 /* Controller */ = {
			isa = PBXGroup;
			children = (
				6D3594CF244D907900D767D1 /* HomePageViewController.swift */,
				38143E2524508C6E00FAA4FA /* HomePageViewController+TabBar.swift */,
				6DCBC10124516D1800DFB229 /* HomePageViewController+Segment.swift */,
				6DE739AF2452EB0800825391 /* MovieListViewController.swift */,
			);
			path = Controller;
			sourceTree = "<group>";
		};
		6DCBC1092452B29A00DFB229 /* Utils */ = {
			isa = PBXGroup;
			children = (
				6DCBC10A2452B2C200DFB229 /* Parser.swift */,
			);
			path = Utils;
			sourceTree = "<group>";
		};
		802F59BA1551B06EB802A753 /* Pods */ = {
			isa = PBXGroup;
			children = (
				EA6AF4D446CBFECC92E695BC /* Pods-Video Browser.debug.xcconfig */,
				2D34A992AF022D43E8C6E757 /* Pods-Video Browser.release.xcconfig */,
			);
			path = Pods;
			sourceTree = "<group>";
		};
/* End PBXGroup section */

/* Begin PBXNativeTarget section */
		6D3594B4244D8E7400D767D1 /* Video Browser */ = {
			isa = PBXNativeTarget;
			buildConfigurationList = 6D3594C9244D8E7600D767D1 /* Build configuration list for PBXNativeTarget "Video Browser" */;
			buildPhases = (
				9DFE0FDCBECCAC848AA7C2BD /* [CP] Check Pods Manifest.lock */,
				6D3594B1244D8E7400D767D1 /* Sources */,
				6D3594B2244D8E7400D767D1 /* Frameworks */,
				6D3594B3244D8E7400D767D1 /* Resources */,
				CBD98962B183C1859CC1BED6 /* [CP] Embed Pods Frameworks */,
			);
			buildRules = (
			);
			dependencies = (
			);
			name = "Video Browser";
			productName = "Video Browser";
			productReference = 6D3594B5244D8E7400D767D1 /* 太浪影视.app */;
			productType = "com.apple.product-type.application";
		};
/* End PBXNativeTarget section */

/* Begin PBXProject section */
		6D3594AD244D8E7400D767D1 /* Project object */ = {
			isa = PBXProject;
			attributes = {
				LastSwiftUpdateCheck = 1140;
				LastUpgradeCheck = 1140;
				ORGANIZATIONNAME = "MC Equipment";
				TargetAttributes = {
					6D3594B4244D8E7400D767D1 = {
						CreatedOnToolsVersion = 11.4;
						LastSwiftMigration = 1140;
					};
				};
			};
			buildConfigurationList = 6D3594B0244D8E7400D767D1 /* Build configuration list for PBXProject "Video Browser" */;
			compatibilityVersion = "Xcode 9.3";
			developmentRegion = en;
			hasScannedForEncodings = 0;
			knownRegions = (
				en,
				Base,
			);
			mainGroup = 6D3594AC244D8E7400D767D1;
			productRefGroup = 6D3594B6244D8E7400D767D1 /* Products */;
			projectDirPath = "";
			projectRoot = "";
			targets = (
				6D3594B4244D8E7400D767D1 /* Video Browser */,
			);
		};
/* End PBXProject section */

/* Begin PBXResourcesBuildPhase section */
		6D3594B3244D8E7400D767D1 /* Resources */ = {
			isa = PBXResourcesBuildPhase;
			buildActionMask = 2147483647;
			files = (
				6D3594D1244D912D00D767D1 /* LaunchScreen.storyboard in Resources */,
				6D3594C2244D8E7600D767D1 /* Assets.xcassets in Resources */,
			);
			runOnlyForDeploymentPostprocessing = 0;
		};
/* End PBXResourcesBuildPhase section */

/* Begin PBXShellScriptBuildPhase section */
		9DFE0FDCBECCAC848AA7C2BD /* [CP] Check Pods Manifest.lock */ = {
			isa = PBXShellScriptBuildPhase;
			buildActionMask = 2147483647;
			files = (
			);
			inputFileListPaths = (
			);
			inputPaths = (
				"${PODS_PODFILE_DIR_PATH}/Podfile.lock",
				"${PODS_ROOT}/Manifest.lock",
			);
			name = "[CP] Check Pods Manifest.lock";
			outputFileListPaths = (
			);
			outputPaths = (
				"$(DERIVED_FILE_DIR)/Pods-Video Browser-checkManifestLockResult.txt",
			);
			runOnlyForDeploymentPostprocessing = 0;
			shellPath = /bin/sh;
			shellScript = "diff \"${PODS_PODFILE_DIR_PATH}/Podfile.lock\" \"${PODS_ROOT}/Manifest.lock\" > /dev/null\nif [ $? != 0 ] ; then\n    # print error to STDERR\n    echo \"error: The sandbox is not in sync with the Podfile.lock. Run 'pod install' or update your CocoaPods installation.\" >&2\n    exit 1\nfi\n# This output is used by Xcode 'outputs' to avoid re-running this script phase.\necho \"SUCCESS\" > \"${SCRIPT_OUTPUT_FILE_0}\"\n";
			showEnvVarsInLog = 0;
		};
		CBD98962B183C1859CC1BED6 /* [CP] Embed Pods Frameworks */ = {
			isa = PBXShellScriptBuildPhase;
			buildActionMask = 2147483647;
			files = (
			);
			inputFileListPaths = (
				"${PODS_ROOT}/Target Support Files/Pods-Video Browser/Pods-Video Browser-frameworks-${CONFIGURATION}-input-files.xcfilelist",
			);
			name = "[CP] Embed Pods Frameworks";
			outputFileListPaths = (
				"${PODS_ROOT}/Target Support Files/Pods-Video Browser/Pods-Video Browser-frameworks-${CONFIGURATION}-output-files.xcfilelist",
			);
			runOnlyForDeploymentPostprocessing = 0;
			shellPath = /bin/sh;
			shellScript = "\"${PODS_ROOT}/Target Support Files/Pods-Video Browser/Pods-Video Browser-frameworks.sh\"\n";
			showEnvVarsInLog = 0;
		};
/* End PBXShellScriptBuildPhase section */

/* Begin PBXSourcesBuildPhase section */
		6D3594B1244D8E7400D767D1 /* Sources */ = {
			isa = PBXSourcesBuildPhase;
			buildActionMask = 2147483647;
			files = (
				38143E2624508C6E00FAA4FA /* HomePageViewController+TabBar.swift in Sources */,
				6D3594D8244EE1CE00D767D1 /* PrivateApiHelper.m in Sources */,
				6D3594B9244D8E7400D767D1 /* AppDelegate.swift in Sources */,
				385F308624533A7B0024377B /* BrowserViewController+TabBar.swift in Sources */,
				6DE739B02452EB0800825391 /* MovieListViewController.swift in Sources */,
				385F308824533C7E0024377B /* BrowserViewController+WebView.swift in Sources */,
				385F307F245333020024377B /* BrowserTabBar.swift in Sources */,
				6DCBC10624528B9300DFB229 /* FYRules.swift in Sources */,
				6DCBC10224516D1800DFB229 /* HomePageViewController+Segment.swift in Sources */,
				385F308424533A530024377B /* BrowserViewController.swift in Sources */,
				6DCBC10B2452B2C200DFB229 /* Parser.swift in Sources */,
				6DCBC1002451341200DFB229 /* WKSniffer.swift in Sources */,
				6DCBC10824529B8100DFB229 /* MovieInfo.swift in Sources */,
				6DE739B22452EE1A00825391 /* MovieInfoCell.swift in Sources */,
				38143E222450870A00FAA4FA /* HomeTabBar.swift in Sources */,
				6D3594D0244D907900D767D1 /* HomePageViewController.swift in Sources */,
				385F3082245337350024377B /* UIView+Ex.swift in Sources */,
			);
			runOnlyForDeploymentPostprocessing = 0;
		};
/* End PBXSourcesBuildPhase section */

/* Begin PBXVariantGroup section */
		6D3594C3244D8E7600D767D1 /* LaunchScreen.storyboard */ = {
			isa = PBXVariantGroup;
			children = (
				6D3594C4244D8E7600D767D1 /* Base */,
			);
			name = LaunchScreen.storyboard;
			sourceTree = "<group>";
		};
/* End PBXVariantGroup section */

/* Begin XCBuildConfiguration section */
		6D3594C7244D8E7600D767D1 /* Debug */ = {
			isa = XCBuildConfiguration;
			buildSettings = {
				ALWAYS_SEARCH_USER_PATHS = NO;
				CLANG_ANALYZER_NONNULL = YES;
				CLANG_ANALYZER_NUMBER_OBJECT_CONVERSION = YES_AGGRESSIVE;
				CLANG_CXX_LANGUAGE_STANDARD = "gnu++14";
				CLANG_CXX_LIBRARY = "libc++";
				CLANG_ENABLE_MODULES = YES;
				CLANG_ENABLE_OBJC_ARC = YES;
				CLANG_ENABLE_OBJC_WEAK = YES;
				CLANG_WARN_BLOCK_CAPTURE_AUTORELEASING = YES;
				CLANG_WARN_BOOL_CONVERSION = YES;
				CLANG_WARN_COMMA = YES;
				CLANG_WARN_CONSTANT_CONVERSION = YES;
				CLANG_WARN_DEPRECATED_OBJC_IMPLEMENTATIONS = YES;
				CLANG_WARN_DIRECT_OBJC_ISA_USAGE = YES_ERROR;
				CLANG_WARN_DOCUMENTATION_COMMENTS = YES;
				CLANG_WARN_EMPTY_BODY = YES;
				CLANG_WARN_ENUM_CONVERSION = YES;
				CLANG_WARN_INFINITE_RECURSION = YES;
				CLANG_WARN_INT_CONVERSION = YES;
				CLANG_WARN_NON_LITERAL_NULL_CONVERSION = YES;
				CLANG_WARN_OBJC_IMPLICIT_RETAIN_SELF = YES;
				CLANG_WARN_OBJC_LITERAL_CONVERSION = YES;
				CLANG_WARN_OBJC_ROOT_CLASS = YES_ERROR;
				CLANG_WARN_RANGE_LOOP_ANALYSIS = YES;
				CLANG_WARN_STRICT_PROTOTYPES = YES;
				CLANG_WARN_SUSPICIOUS_MOVE = YES;
				CLANG_WARN_UNGUARDED_AVAILABILITY = YES_AGGRESSIVE;
				CLANG_WARN_UNREACHABLE_CODE = YES;
				CLANG_WARN__DUPLICATE_METHOD_MATCH = YES;
				COPY_PHASE_STRIP = NO;
				DEBUG_INFORMATION_FORMAT = dwarf;
				ENABLE_STRICT_OBJC_MSGSEND = YES;
				ENABLE_TESTABILITY = YES;
				GCC_C_LANGUAGE_STANDARD = gnu11;
				GCC_DYNAMIC_NO_PIC = NO;
				GCC_NO_COMMON_BLOCKS = YES;
				GCC_OPTIMIZATION_LEVEL = 0;
				GCC_PREPROCESSOR_DEFINITIONS = (
					"DEBUG=1",
					"$(inherited)",
				);
				GCC_WARN_64_TO_32_BIT_CONVERSION = YES;
				GCC_WARN_ABOUT_RETURN_TYPE = YES_ERROR;
				GCC_WARN_UNDECLARED_SELECTOR = YES;
				GCC_WARN_UNINITIALIZED_AUTOS = YES_AGGRESSIVE;
				GCC_WARN_UNUSED_FUNCTION = YES;
				GCC_WARN_UNUSED_VARIABLE = YES;
				IPHONEOS_DEPLOYMENT_TARGET = 10.0;
				MTL_ENABLE_DEBUG_INFO = INCLUDE_SOURCE;
				MTL_FAST_MATH = YES;
				ONLY_ACTIVE_ARCH = YES;
				SDKROOT = iphoneos;
				SWIFT_ACTIVE_COMPILATION_CONDITIONS = DEBUG;
				SWIFT_OPTIMIZATION_LEVEL = "-Onone";
			};
			name = Debug;
		};
		6D3594C8244D8E7600D767D1 /* Release */ = {
			isa = XCBuildConfiguration;
			buildSettings = {
				ALWAYS_SEARCH_USER_PATHS = NO;
				CLANG_ANALYZER_NONNULL = YES;
				CLANG_ANALYZER_NUMBER_OBJECT_CONVERSION = YES_AGGRESSIVE;
				CLANG_CXX_LANGUAGE_STANDARD = "gnu++14";
				CLANG_CXX_LIBRARY = "libc++";
				CLANG_ENABLE_MODULES = YES;
				CLANG_ENABLE_OBJC_ARC = YES;
				CLANG_ENABLE_OBJC_WEAK = YES;
				CLANG_WARN_BLOCK_CAPTURE_AUTORELEASING = YES;
				CLANG_WARN_BOOL_CONVERSION = YES;
				CLANG_WARN_COMMA = YES;
				CLANG_WARN_CONSTANT_CONVERSION = YES;
				CLANG_WARN_DEPRECATED_OBJC_IMPLEMENTATIONS = YES;
				CLANG_WARN_DIRECT_OBJC_ISA_USAGE = YES_ERROR;
				CLANG_WARN_DOCUMENTATION_COMMENTS = YES;
				CLANG_WARN_EMPTY_BODY = YES;
				CLANG_WARN_ENUM_CONVERSION = YES;
				CLANG_WARN_INFINITE_RECURSION = YES;
				CLANG_WARN_INT_CONVERSION = YES;
				CLANG_WARN_NON_LITERAL_NULL_CONVERSION = YES;
				CLANG_WARN_OBJC_IMPLICIT_RETAIN_SELF = YES;
				CLANG_WARN_OBJC_LITERAL_CONVERSION = YES;
				CLANG_WARN_OBJC_ROOT_CLASS = YES_ERROR;
				CLANG_WARN_RANGE_LOOP_ANALYSIS = YES;
				CLANG_WARN_STRICT_PROTOTYPES = YES;
				CLANG_WARN_SUSPICIOUS_MOVE = YES;
				CLANG_WARN_UNGUARDED_AVAILABILITY = YES_AGGRESSIVE;
				CLANG_WARN_UNREACHABLE_CODE = YES;
				CLANG_WARN__DUPLICATE_METHOD_MATCH = YES;
				COPY_PHASE_STRIP = NO;
				DEBUG_INFORMATION_FORMAT = "dwarf-with-dsym";
				ENABLE_NS_ASSERTIONS = NO;
				ENABLE_STRICT_OBJC_MSGSEND = YES;
				GCC_C_LANGUAGE_STANDARD = gnu11;
				GCC_NO_COMMON_BLOCKS = YES;
				GCC_WARN_64_TO_32_BIT_CONVERSION = YES;
				GCC_WARN_ABOUT_RETURN_TYPE = YES_ERROR;
				GCC_WARN_UNDECLARED_SELECTOR = YES;
				GCC_WARN_UNINITIALIZED_AUTOS = YES_AGGRESSIVE;
				GCC_WARN_UNUSED_FUNCTION = YES;
				GCC_WARN_UNUSED_VARIABLE = YES;
				IPHONEOS_DEPLOYMENT_TARGET = 10.0;
				MTL_ENABLE_DEBUG_INFO = NO;
				MTL_FAST_MATH = YES;
				SDKROOT = iphoneos;
				SWIFT_COMPILATION_MODE = wholemodule;
				SWIFT_OPTIMIZATION_LEVEL = "-O";
				VALIDATE_PRODUCT = YES;
			};
			name = Release;
		};
		6D3594CA244D8E7600D767D1 /* Debug */ = {
			isa = XCBuildConfiguration;
			baseConfigurationReference = EA6AF4D446CBFECC92E695BC /* Pods-Video Browser.debug.xcconfig */;
			buildSettings = {
				ASSETCATALOG_COMPILER_APPICON_NAME = AppIcon;
				CLANG_ENABLE_MODULES = YES;
				CODE_SIGN_STYLE = Automatic;
				DEVELOPMENT_TEAM = D98TJ9H5N8;
				INFOPLIST_FILE = "Video Browser/Resource/Info.plist";
				LD_RUNPATH_SEARCH_PATHS = (
					"$(inherited)",
					"@executable_path/Frameworks",
				);
				PRODUCT_BUNDLE_IDENTIFIER = "com.mayc.Video-Browser";
				PRODUCT_NAME = "太浪影视";
				SWIFT_OBJC_BRIDGING_HEADER = "Video Browser/Utils/Video Browser-Bridging-Header.h";
				SWIFT_OPTIMIZATION_LEVEL = "-Onone";
				SWIFT_VERSION = 5.0;
				TARGETED_DEVICE_FAMILY = "1,2";
			};
			name = Debug;
		};
		6D3594CB244D8E7600D767D1 /* Release */ = {
			isa = XCBuildConfiguration;
			baseConfigurationReference = 2D34A992AF022D43E8C6E757 /* Pods-Video Browser.release.xcconfig */;
			buildSettings = {
				ASSETCATALOG_COMPILER_APPICON_NAME = AppIcon;
				CLANG_ENABLE_MODULES = YES;
				CODE_SIGN_STYLE = Automatic;
				DEVELOPMENT_TEAM = D98TJ9H5N8;
				INFOPLIST_FILE = "Video Browser/Resource/Info.plist";
				LD_RUNPATH_SEARCH_PATHS = (
					"$(inherited)",
					"@executable_path/Frameworks",
				);
				PRODUCT_BUNDLE_IDENTIFIER = "com.mayc.Video-Browser";
				PRODUCT_NAME = "太浪影视";
				SWIFT_OBJC_BRIDGING_HEADER = "Video Browser/Utils/Video Browser-Bridging-Header.h";
				SWIFT_VERSION = 5.0;
				TARGETED_DEVICE_FAMILY = "1,2";
			};
			name = Release;
		};
/* End XCBuildConfiguration section */

/* Begin XCConfigurationList section */
		6D3594B0244D8E7400D767D1 /* Build configuration list for PBXProject "Video Browser" */ = {
			isa = XCConfigurationList;
			buildConfigurations = (
				6D3594C7244D8E7600D767D1 /* Debug */,
				6D3594C8244D8E7600D767D1 /* Release */,
			);
			defaultConfigurationIsVisible = 0;
			defaultConfigurationName = Release;
		};
		6D3594C9244D8E7600D767D1 /* Build configuration list for PBXNativeTarget "Video Browser" */ = {
			isa = XCConfigurationList;
			buildConfigurations = (
				6D3594CA244D8E7600D767D1 /* Debug */,
				6D3594CB244D8E7600D767D1 /* Release */,
			);
			defaultConfigurationIsVisible = 0;
			defaultConfigurationName = Release;
		};
/* End XCConfigurationList section */
	};
	rootObject = 6D3594AD244D8E7400D767D1 /* Project object */;
}
